// !$*UTF8*$!
{
	archiveVersion = 1;
	classes = {
	};
	objectVersion = 50;
	objects = {

/* Begin PBXBuildFile section */
		925DD0F6259A0F3F00954981 /* PetProj_CarsApp.swift in Sources */ = {isa = PBXBuildFile; fileRef = 925DD0F5259A0F3F00954981 /* PetProj_CarsApp.swift */; };
		925DD0FA259A0F4A00954981 /* Assets.xcassets in Resources */ = {isa = PBXBuildFile; fileRef = 925DD0F9259A0F4A00954981 /* Assets.xcassets */; };
		925DD0FD259A0F4A00954981 /* Preview Assets.xcassets in Resources */ = {isa = PBXBuildFile; fileRef = 925DD0FC259A0F4A00954981 /* Preview Assets.xcassets */; };
		92B7E0A225A36D0500FA04E7 /* ContentView.swift in Sources */ = {isa = PBXBuildFile; fileRef = 92B7E0A125A36D0500FA04E7 /* ContentView.swift */; };
		92E7E091259A4616000D71D1 /* NextButton.swift in Sources */ = {isa = PBXBuildFile; fileRef = 92E7E090259A4616000D71D1 /* NextButton.swift */; };
		92E7E094259A4992000D71D1 /* ChooseCar.swift in Sources */ = {isa = PBXBuildFile; fileRef = 92E7E093259A4992000D71D1 /* ChooseCar.swift */; };
		92E7E098259A4A9F000D71D1 /* ChoosePlace.swift in Sources */ = {isa = PBXBuildFile; fileRef = 92E7E097259A4A9F000D71D1 /* ChoosePlace.swift */; };
		92E7E09B259A5EB3000D71D1 /* StartPage.swift in Sources */ = {isa = PBXBuildFile; fileRef = 92E7E09A259A5EB3000D71D1 /* StartPage.swift */; };
		92E7E09E259B1B03000D71D1 /* Increment.swift in Sources */ = {isa = PBXBuildFile; fileRef = 92E7E09D259B1B03000D71D1 /* Increment.swift */; };
		92E7E0A4259B5E7B000D71D1 /* ModelCar.swift in Sources */ = {isa = PBXBuildFile; fileRef = 92E7E0A3259B5E7B000D71D1 /* ModelCar.swift */; };
		92E7E0A8259B5F9B000D71D1 /* CarCard.swift in Sources */ = {isa = PBXBuildFile; fileRef = 92E7E0A7259B5F9B000D71D1 /* CarCard.swift */; };
		92E7E0B0259B8A9B000D71D1 /* ModelPlace.swift in Sources */ = {isa = PBXBuildFile; fileRef = 92E7E0AF259B8A9B000D71D1 /* ModelPlace.swift */; };
		92E7E0B3259B8C6A000D71D1 /* PlaceCard.swift in Sources */ = {isa = PBXBuildFile; fileRef = 92E7E0B2259B8C6A000D71D1 /* PlaceCard.swift */; };
/* End PBXBuildFile section */

/* Begin PBXFileReference section */
		925DD0F2259A0F3F00954981 /* PetProj_Cars.app */ = {isa = PBXFileReference; explicitFileType = wrapper.application; includeInIndex = 0; path = PetProj_Cars.app; sourceTree = BUILT_PRODUCTS_DIR; };
		925DD0F5259A0F3F00954981 /* PetProj_CarsApp.swift */ = {isa = PBXFileReference; lastKnownFileType = sourcecode.swift; path = PetProj_CarsApp.swift; sourceTree = "<group>"; };
		925DD0F9259A0F4A00954981 /* Assets.xcassets */ = {isa = PBXFileReference; lastKnownFileType = folder.assetcatalog; path = Assets.xcassets; sourceTree = "<group>"; };
		925DD0FC259A0F4A00954981 /* Preview Assets.xcassets */ = {isa = PBXFileReference; lastKnownFileType = folder.assetcatalog; path = "Preview Assets.xcassets"; sourceTree = "<group>"; };
		925DD0FE259A0F4A00954981 /* Info.plist */ = {isa = PBXFileReference; lastKnownFileType = text.plist.xml; path = Info.plist; sourceTree = "<group>"; };
		92B7E0A125A36D0500FA04E7 /* ContentView.swift */ = {isa = PBXFileReference; lastKnownFileType = sourcecode.swift; name = ContentView.swift; path = ../ContentView.swift; sourceTree = "<group>"; };
		92E7E090259A4616000D71D1 /* NextButton.swift */ = {isa = PBXFileReference; lastKnownFileType = sourcecode.swift; path = NextButton.swift; sourceTree = "<group>"; };
		92E7E093259A4992000D71D1 /* ChooseCar.swift */ = {isa = PBXFileReference; lastKnownFileType = sourcecode.swift; path = ChooseCar.swift; sourceTree = "<group>"; };
		92E7E097259A4A9F000D71D1 /* ChoosePlace.swift */ = {isa = PBXFileReference; lastKnownFileType = sourcecode.swift; path = ChoosePlace.swift; sourceTree = "<group>"; };
		92E7E09A259A5EB3000D71D1 /* StartPage.swift */ = {isa = PBXFileReference; lastKnownFileType = sourcecode.swift; path = StartPage.swift; sourceTree = "<group>"; };
		92E7E09D259B1B03000D71D1 /* Increment.swift */ = {isa = PBXFileReference; lastKnownFileType = sourcecode.swift; path = Increment.swift; sourceTree = "<group>"; };
		92E7E0A3259B5E7B000D71D1 /* ModelCar.swift */ = {isa = PBXFileReference; lastKnownFileType = sourcecode.swift; path = ModelCar.swift; sourceTree = "<group>"; };
		92E7E0A7259B5F9B000D71D1 /* CarCard.swift */ = {isa = PBXFileReference; lastKnownFileType = sourcecode.swift; path = CarCard.swift; sourceTree = "<group>"; };
		92E7E0AF259B8A9B000D71D1 /* ModelPlace.swift */ = {isa = PBXFileReference; lastKnownFileType = sourcecode.swift; path = ModelPlace.swift; sourceTree = "<group>"; };
		92E7E0B2259B8C6A000D71D1 /* PlaceCard.swift */ = {isa = PBXFileReference; lastKnownFileType = sourcecode.swift; path = PlaceCard.swift; sourceTree = "<group>"; };
/* End PBXFileReference section */

/* Begin PBXFrameworksBuildPhase section */
		925DD0EF259A0F3F00954981 /* Frameworks */ = {
			isa = PBXFrameworksBuildPhase;
			buildActionMask = 2147483647;
			files = (
			);
			runOnlyForDeploymentPostprocessing = 0;
		};
/* End PBXFrameworksBuildPhase section */

/* Begin PBXGroup section */
		925DD0E9259A0F3E00954981 = {
			isa = PBXGroup;
			children = (
				925DD0F4259A0F3F00954981 /* PetProj_Cars */,
				925DD0F3259A0F3F00954981 /* Products */,
			);
			sourceTree = "<group>";
		};
		925DD0F3259A0F3F00954981 /* Products */ = {
			isa = PBXGroup;
			children = (
				925DD0F2259A0F3F00954981 /* PetProj_Cars.app */,
			);
			name = Products;
			sourceTree = "<group>";
		};
		925DD0F4259A0F3F00954981 /* PetProj_Cars */ = {
			isa = PBXGroup;
			children = (
				92B7E0A125A36D0500FA04E7 /* ContentView.swift */,
				925DD0F5259A0F3F00954981 /* PetProj_CarsApp.swift */,
				92E7E09D259B1B03000D71D1 /* Increment.swift */,
				92E7E0A1259B2B13000D71D1 /* Model */,
				92E7E0A0259B2AF2000D71D1 /* Views */,
				925DD0F9259A0F4A00954981 /* Assets.xcassets */,
				925DD0FE259A0F4A00954981 /* Info.plist */,
				925DD0FB259A0F4A00954981 /* Preview Content */,
			);
			path = PetProj_Cars;
			sourceTree = "<group>";
		};
		925DD0FB259A0F4A00954981 /* Preview Content */ = {
			isa = PBXGroup;
			children = (
				925DD0FC259A0F4A00954981 /* Preview Assets.xcassets */,
			);
			path = "Preview Content";
			sourceTree = "<group>";
		};
		92E7E0A0259B2AF2000D71D1 /* Views */ = {
			isa = PBXGroup;
			children = (
				92E7E097259A4A9F000D71D1 /* ChoosePlace.swift */,
				92E7E093259A4992000D71D1 /* ChooseCar.swift */,
				92E7E09A259A5EB3000D71D1 /* StartPage.swift */,
				92E7E0B2259B8C6A000D71D1 /* PlaceCard.swift */,
				92E7E0A7259B5F9B000D71D1 /* CarCard.swift */,
			);
			path = Views;
			sourceTree = "<group>";
		};
		92E7E0A1259B2B13000D71D1 /* Model */ = {
			isa = PBXGroup;
			children = (
				92E7E090259A4616000D71D1 /* NextButton.swift */,
				92E7E0A3259B5E7B000D71D1 /* ModelCar.swift */,
				92E7E0AF259B8A9B000D71D1 /* ModelPlace.swift */,
			);
			path = Model;
			sourceTree = "<group>";
		};
/* End PBXGroup section */

/* Begin PBXNativeTarget section */
		925DD0F1259A0F3F00954981 /* PetProj_Cars */ = {
			isa = PBXNativeTarget;
			buildConfigurationList = 925DD101259A0F4A00954981 /* Build configuration list for PBXNativeTarget "PetProj_Cars" */;
			buildPhases = (
				925DD0EE259A0F3F00954981 /* Sources */,
				925DD0EF259A0F3F00954981 /* Frameworks */,
				925DD0F0259A0F3F00954981 /* Resources */,
			);
			buildRules = (
			);
			dependencies = (
			);
			name = PetProj_Cars;
			productName = PetProj_Cars;
			productReference = 925DD0F2259A0F3F00954981 /* PetProj_Cars.app */;
			productType = "com.apple.product-type.application";
		};
/* End PBXNativeTarget section */

/* Begin PBXProject section */
		925DD0EA259A0F3E00954981 /* Project object */ = {
			isa = PBXProject;
			attributes = {
				LastSwiftUpdateCheck = 1230;
				LastUpgradeCheck = 1230;
				TargetAttributes = {
					925DD0F1259A0F3F00954981 = {
						CreatedOnToolsVersion = 12.3;
					};
				};
			};
			buildConfigurationList = 925DD0ED259A0F3E00954981 /* Build configuration list for PBXProject "PetProj_Cars" */;
			compatibilityVersion = "Xcode 9.3";
			developmentRegion = en;
			hasScannedForEncodings = 0;
			knownRegions = (
				en,
				Base,
			);
			mainGroup = 925DD0E9259A0F3E00954981;
			productRefGroup = 925DD0F3259A0F3F00954981 /* Products */;
			projectDirPath = "";
			projectRoot = "";
			targets = (
				925DD0F1259A0F3F00954981 /* PetProj_Cars */,
			);
		};
/* End PBXProject section */

/* Begin PBXResourcesBuildPhase section */
		925DD0F0259A0F3F00954981 /* Resources */ = {
			isa = PBXResourcesBuildPhase;
			buildActionMask = 2147483647;
			files = (
				925DD0FD259A0F4A00954981 /* Preview Assets.xcassets in Resources */,
				925DD0FA259A0F4A00954981 /* Assets.xcassets in Resources */,
			);
			runOnlyForDeploymentPostprocessing = 0;
		};
/* End PBXResourcesBuildPhase section */

/* Begin PBXSourcesBuildPhase section */
		925DD0EE259A0F3F00954981 /* Sources */ = {
			isa = PBXSourcesBuildPhase;
			buildActionMask = 2147483647;
			files = (
				92E7E09E259B1B03000D71D1 /* Increment.swift in Sources */,
				92B7E0A225A36D0500FA04E7 /* ContentView.swift in Sources */,
				92E7E0A4259B5E7B000D71D1 /* ModelCar.swift in Sources */,
				92E7E0B0259B8A9B000D71D1 /* ModelPlace.swift in Sources */,
				92E7E09B259A5EB3000D71D1 /* StartPage.swift in Sources */,
				92E7E098259A4A9F000D71D1 /* ChoosePlace.swift in Sources */,
				925DD0F6259A0F3F00954981 /* PetProj_CarsApp.swift in Sources */,
				92E7E094259A4992000D71D1 /* ChooseCar.swift in Sources */,
				92E7E0A8259B5F9B000D71D1 /* CarCard.swift in Sources */,
				92E7E0B3259B8C6A000D71D1 /* PlaceCard.swift in Sources */,
				92E7E091259A4616000D71D1 /* NextButton.swift in Sources */,
			);
			runOnlyForDeploymentPostprocessing = 0;
		};
/* End PBXSourcesBuildPhase section */

/* Begin XCBuildConfiguration section */
		925DD0FF259A0F4A00954981 /* Debug */ = {
			isa = XCBuildConfiguration;
			buildSettings = {
				ALWAYS_SEARCH_USER_PATHS = NO;
				CLANG_ANALYZER_NONNULL = YES;
				CLANG_ANALYZER_NUMBER_OBJECT_CONVERSION = YES_AGGRESSIVE;
				CLANG_CXX_LANGUAGE_STANDARD = "gnu++14";
				CLANG_CXX_LIBRARY = "libc++";
				CLANG_ENABLE_MODULES = YES;
				CLANG_ENABLE_OBJC_ARC = YES;
				CLANG_ENABLE_OBJC_WEAK = YES;
				CLANG_WARN_BLOCK_CAPTURE_AUTORELEASING = YES;
				CLANG_WARN_BOOL_CONVERSION = YES;
				CLANG_WARN_COMMA = YES;
				CLANG_WARN_CONSTANT_CONVERSION = YES;
				CLANG_WARN_DEPRECATED_OBJC_IMPLEMENTATIONS = YES;
				CLANG_WARN_DIRECT_OBJC_ISA_USAGE = YES_ERROR;
				CLANG_WARN_DOCUMENTATION_COMMENTS = YES;
				CLANG_WARN_EMPTY_BODY = YES;
				CLANG_WARN_ENUM_CONVERSION = YES;
				CLANG_WARN_INFINITE_RECURSION = YES;
				CLANG_WARN_INT_CONVERSION = YES;
				CLANG_WARN_NON_LITERAL_NULL_CONVERSION = YES;
				CLANG_WARN_OBJC_IMPLICIT_RETAIN_SELF = YES;
				CLANG_WARN_OBJC_LITERAL_CONVERSION = YES;
				CLANG_WARN_OBJC_ROOT_CLASS = YES_ERROR;
				CLANG_WARN_QUOTED_INCLUDE_IN_FRAMEWORK_HEADER = YES;
				CLANG_WARN_RANGE_LOOP_ANALYSIS = YES;
				CLANG_WARN_STRICT_PROTOTYPES = YES;
				CLANG_WARN_SUSPICIOUS_MOVE = YES;
				CLANG_WARN_UNGUARDED_AVAILABILITY = YES_AGGRESSIVE;
				CLANG_WARN_UNREACHABLE_CODE = YES;
				CLANG_WARN__DUPLICATE_METHOD_MATCH = YES;
				COPY_PHASE_STRIP = NO;
				DEBUG_INFORMATION_FORMAT = dwarf;
				ENABLE_STRICT_OBJC_MSGSEND = YES;
				ENABLE_TESTABILITY = YES;
				GCC_C_LANGUAGE_STANDARD = gnu11;
				GCC_DYNAMIC_NO_PIC = NO;
				GCC_NO_COMMON_BLOCKS = YES;
				GCC_OPTIMIZATION_LEVEL = 0;
				GCC_PREPROCESSOR_DEFINITIONS = (
					"DEBUG=1",
					"$(inherited)",
				);
				GCC_WARN_64_TO_32_BIT_CONVERSION = YES;
				GCC_WARN_ABOUT_RETURN_TYPE = YES_ERROR;
				GCC_WARN_UNDECLARED_SELECTOR = YES;
				GCC_WARN_UNINITIALIZED_AUTOS = YES_AGGRESSIVE;
				GCC_WARN_UNUSED_FUNCTION = YES;
				GCC_WARN_UNUSED_VARIABLE = YES;
				IPHONEOS_DEPLOYMENT_TARGET = 14.3;
				MTL_ENABLE_DEBUG_INFO = INCLUDE_SOURCE;
				MTL_FAST_MATH = YES;
				ONLY_ACTIVE_ARCH = YES;
				SDKROOT = iphoneos;
				SWIFT_ACTIVE_COMPILATION_CONDITIONS = DEBUG;
				SWIFT_OPTIMIZATION_LEVEL = "-Onone";
			};
			name = Debug;
		};
		925DD100259A0F4A00954981 /* Release */ = {
			isa = XCBuildConfiguration;
			buildSettings = {
				ALWAYS_SEARCH_USER_PATHS = NO;
				CLANG_ANALYZER_NONNULL = YES;
				CLANG_ANALYZER_NUMBER_OBJECT_CONVERSION = YES_AGGRESSIVE;
				CLANG_CXX_LANGUAGE_STANDARD = "gnu++14";
				CLANG_CXX_LIBRARY = "libc++";
				CLANG_ENABLE_MODULES = YES;
				CLANG_ENABLE_OBJC_ARC = YES;
				CLANG_ENABLE_OBJC_WEAK = YES;
				CLANG_WARN_BLOCK_CAPTURE_AUTORELEASING = YES;
				CLANG_WARN_BOOL_CONVERSION = YES;
				CLANG_WARN_COMMA = YES;
				CLANG_WARN_CONSTANT_CONVERSION = YES;
				CLANG_WARN_DEPRECATED_OBJC_IMPLEMENTATIONS = YES;
				CLANG_WARN_DIRECT_OBJC_ISA_USAGE = YES_ERROR;
				CLANG_WARN_DOCUMENTATION_COMMENTS = YES;
				CLANG_WARN_EMPTY_BODY = YES;
				CLANG_WARN_ENUM_CONVERSION = YES;
				CLANG_WARN_INFINITE_RECURSION = YES;
				CLANG_WARN_INT_CONVERSION = YES;
				CLANG_WARN_NON_LITERAL_NULL_CONVERSION = YES;
				CLANG_WARN_OBJC_IMPLICIT_RETAIN_SELF = YES;
				CLANG_WARN_OBJC_LITERAL_CONVERSION = YES;
				CLANG_WARN_OBJC_ROOT_CLASS = YES_ERROR;
				CLANG_WARN_QUOTED_INCLUDE_IN_FRAMEWORK_HEADER = YES;
				CLANG_WARN_RANGE_LOOP_ANALYSIS = YES;
				CLANG_WARN_STRICT_PROTOTYPES = YES;
				CLANG_WARN_SUSPICIOUS_MOVE = YES;
				CLANG_WARN_UNGUARDED_AVAILABILITY = YES_AGGRESSIVE;
				CLANG_WARN_UNREACHABLE_CODE = YES;
				CLANG_WARN__DUPLICATE_METHOD_MATCH = YES;
				COPY_PHASE_STRIP = NO;
				DEBUG_INFORMATION_FORMAT = "dwarf-with-dsym";
				ENABLE_NS_ASSERTIONS = NO;
				ENABLE_STRICT_OBJC_MSGSEND = YES;
				GCC_C_LANGUAGE_STANDARD = gnu11;
				GCC_NO_COMMON_BLOCKS = YES;
				GCC_WARN_64_TO_32_BIT_CONVERSION = YES;
				GCC_WARN_ABOUT_RETURN_TYPE = YES_ERROR;
				GCC_WARN_UNDECLARED_SELECTOR = YES;
				GCC_WARN_UNINITIALIZED_AUTOS = YES_AGGRESSIVE;
				GCC_WARN_UNUSED_FUNCTION = YES;
				GCC_WARN_UNUSED_VARIABLE = YES;
				IPHONEOS_DEPLOYMENT_TARGET = 14.3;
				MTL_ENABLE_DEBUG_INFO = NO;
				MTL_FAST_MATH = YES;
				SDKROOT = iphoneos;
				SWIFT_COMPILATION_MODE = wholemodule;
				SWIFT_OPTIMIZATION_LEVEL = "-O";
				VALIDATE_PRODUCT = YES;
			};
			name = Release;
		};
		925DD102259A0F4A00954981 /* Debug */ = {
			isa = XCBuildConfiguration;
			buildSettings = {
				ASSETCATALOG_COMPILER_APPICON_NAME = AppIcon;
				ASSETCATALOG_COMPILER_GLOBAL_ACCENT_COLOR_NAME = AccentColor;
				CODE_SIGN_STYLE = Automatic;
				DEVELOPMENT_ASSET_PATHS = "\"PetProj_Cars/Preview Content\"";
				DEVELOPMENT_TEAM = 48RSDSQJLU;
				ENABLE_PREVIEWS = YES;
				INFOPLIST_FILE = PetProj_Cars/Info.plist;
				IPHONEOS_DEPLOYMENT_TARGET = 14.0;
				LD_RUNPATH_SEARCH_PATHS = (
					"$(inherited)",
					"@executable_path/Frameworks",
				);
				PRODUCT_BUNDLE_IDENTIFIER = "dragonscry.PetProj-Cars";
				PRODUCT_NAME = "$(TARGET_NAME)";
				SWIFT_VERSION = 5.0;
				TARGETED_DEVICE_FAMILY = "1,2";
			};
			name = Debug;
		};
		925DD103259A0F4A00954981 /* Release */ = {
			isa = XCBuildConfiguration;
			buildSettings = {
				ASSETCATALOG_COMPILER_APPICON_NAME = AppIcon;
				ASSETCATALOG_COMPILER_GLOBAL_ACCENT_COLOR_NAME = AccentColor;
				CODE_SIGN_STYLE = Automatic;
				DEVELOPMENT_ASSET_PATHS = "\"PetProj_Cars/Preview Content\"";
				DEVELOPMENT_TEAM = 48RSDSQJLU;
				ENABLE_PREVIEWS = YES;
				INFOPLIST_FILE = PetProj_Cars/Info.plist;
				IPHONEOS_DEPLOYMENT_TARGET = 14.0;
				LD_RUNPATH_SEARCH_PATHS = (
					"$(inherited)",
					"@executable_path/Frameworks",
				);
				PRODUCT_BUNDLE_IDENTIFIER = "dragonscry.PetProj-Cars";
				PRODUCT_NAME = "$(TARGET_NAME)";
				SWIFT_VERSION = 5.0;
				TARGETED_DEVICE_FAMILY = "1,2";
			};
			name = Release;
		};
/* End XCBuildConfiguration section */

/* Begin XCConfigurationList section */
		925DD0ED259A0F3E00954981 /* Build configuration list for PBXProject "PetProj_Cars" */ = {
			isa = XCConfigurationList;
			buildConfigurations = (
				925DD0FF259A0F4A00954981 /* Debug */,
				925DD100259A0F4A00954981 /* Release */,
			);
			defaultConfigurationIsVisible = 0;
			defaultConfigurationName = Release;
		};
		925DD101259A0F4A00954981 /* Build configuration list for PBXNativeTarget "PetProj_Cars" */ = {
			isa = XCConfigurationList;
			buildConfigurations = (
				925DD102259A0F4A00954981 /* Debug */,
				925DD103259A0F4A00954981 /* Release */,
			);
			defaultConfigurationIsVisible = 0;
			defaultConfigurationName = Release;
		};
/* End XCConfigurationList section */
	};
	rootObject = 925DD0EA259A0F3E00954981 /* Project object */;
}
